<?xml version="1.0" encoding="utf-8"?>
<Project ToolsVersion="4.0" xmlns="http://schemas.microsoft.com/developer/msbuild/2003">
  <ItemGroup>
    <Filter Include="Source Files">
      <UniqueIdentifier>{4FC737F1-C7A5-4376-A066-2A32D752A2FF}</UniqueIdentifier>
      <Extensions>cpp;cxx;c;def</Extensions>
    </Filter>
    <Filter Include="Header Files">
      <UniqueIdentifier>{93995380-89BD-4b04-88EB-625FBE52EBFB}</UniqueIdentifier>
      <Extensions>h</Extensions>
    </Filter>
    <Filter Include="Form Files">
      <UniqueIdentifier>{99349809-55BA-4b9d-BF79-8FDBB0286EB3}</UniqueIdentifier>
      <Extensions>ui</Extensions>
    </Filter>
    <Filter Include="Resource Files">
      <UniqueIdentifier>{D9D6E242-F8AF-46E4-B9FD-80ECBC20BA3E}</UniqueIdentifier>
      <Extensions>qrc;*</Extensions>
      <ParseFiles>false</ParseFiles>
    </Filter>
    <Filter Include="Generated Files">
      <UniqueIdentifier>{71ED8ED8-ACB9-4CE9-BBE1-E00B30144E11}</UniqueIdentifier>
      <Extensions>moc;h;cpp</Extensions>
      <SourceControlFiles>False</SourceControlFiles>
    </Filter>
    <Filter Include="Generated Files\Debug">
      <UniqueIdentifier>{b34ea018-f7b0-43aa-ade3-29a5fa1187b8}</UniqueIdentifier>
      <Extensions>cpp;moc</Extensions>
      <SourceControlFiles>False</SourceControlFiles>
    </Filter>
    <Filter Include="Generated Files\Release">
      <UniqueIdentifier>{ccf7c692-716a-43ba-af84-b0e5b2ab1947}</UniqueIdentifier>
      <Extensions>cpp;moc</Extensions>
      <SourceControlFiles>False</SourceControlFiles>
    </Filter>
    <Filter Include="Core">
      <UniqueIdentifier>{4d87f8ff-342e-4c4a-b093-cb37d4abf4b3}</UniqueIdentifier>
    </Filter>
    <Filter Include="Kinect">
      <UniqueIdentifier>{a7c30d15-d701-4f7f-92a8-e1bd63a226ae}</UniqueIdentifier>
    </Filter>
  </ItemGroup>
  <ItemGroup>
    <ClCompile Include="main.cpp">
      <Filter>Source Files</Filter>
    </ClCompile>
    <ClCompile Include="qtrask.cpp">
      <Filter>Source Files</Filter>
    </ClCompile>
    <ClCompile Include="GeneratedFiles\Debug\moc_qtrask.cpp">
      <Filter>Generated Files\Debug</Filter>
    </ClCompile>
    <ClCompile Include="GeneratedFiles\Release\moc_qtrask.cpp">
      <Filter>Generated Files\Release</Filter>
    </ClCompile>
    <ClCompile Include="GeneratedFiles\qrc_qtrask.cpp">
      <Filter>Generated Files</Filter>
    </ClCompile>
    <ClCompile Include="server.cpp">
      <Filter>Source Files</Filter>
    </ClCompile>
    <ClCompile Include="Core\Loader.cpp">
      <Filter>Core</Filter>
    </ClCompile>
    <ClCompile Include="Core\Raycaster.cpp">
      <Filter>Core</Filter>
    </ClCompile>
    <ClCompile Include="Core\Render.cpp">
      <Filter>Core</Filter>
    </ClCompile>
    <ClCompile Include="Core\RTT.cpp">
      <Filter>Core</Filter>
    </ClCompile>
    <ClCompile Include="Core\Shader.cpp">
      <Filter>Core</Filter>
    </ClCompile>
    <ClCompile Include="Core\Texture2D.cpp">
      <Filter>Core</Filter>
    </ClCompile>
    <ClCompile Include="Core\Texture3D.cpp">
      <Filter>Core</Filter>
    </ClCompile>
    <ClCompile Include="Core\VAO.cpp">
      <Filter>Core</Filter>
    </ClCompile>
    <ClCompile Include="Core\VBO.cpp">
      <Filter>Core</Filter>
    </ClCompile>
    <ClCompile Include="control\filter.cpp">
      <Filter>Source Files</Filter>
    </ClCompile>
    <ClCompile Include="control\Input.cpp">
      <Filter>Source Files</Filter>
    </ClCompile>
    <ClCompile Include="control\manip.cpp">
      <Filter>Source Files</Filter>
    </ClCompile>
    <ClCompile Include="control\pose.cpp">
      <Filter>Source Files</Filter>
    </ClCompile>
    <ClCompile Include="control\track.cpp">
      <Filter>Source Files</Filter>
    </ClCompile>
    <ClCompile Include="control\util.cpp">
      <Filter>Source Files</Filter>
    </ClCompile>
    <ClCompile Include="brush.cpp">
      <Filter>Source Files</Filter>
    </ClCompile>
    <ClCompile Include="GeneratedFiles\Debug\moc_brush.cpp">
      <Filter>Generated Files\Debug</Filter>
    </ClCompile>
    <ClCompile Include="GeneratedFiles\Release\moc_brush.cpp">
      <Filter>Generated Files\Release</Filter>
    </ClCompile>
    <ClCompile Include="oglwidget.cpp">
      <Filter>Source Files</Filter>
    </ClCompile>
    <ClCompile Include="GeneratedFiles\Debug\moc_oglwidget.cpp">
      <Filter>Generated Files\Debug</Filter>
    </ClCompile>
    <ClCompile Include="GeneratedFiles\Release\moc_oglwidget.cpp">
      <Filter>Generated Files\Release</Filter>
    </ClCompile>
    <ClCompile Include="paintarea.cpp">
      <Filter>Source Files</Filter>
    </ClCompile>
    <ClCompile Include="GeneratedFiles\Debug\moc_paintarea.cpp">
      <Filter>Generated Files\Debug</Filter>
    </ClCompile>
    <ClCompile Include="GeneratedFiles\Release\moc_paintarea.cpp">
      <Filter>Generated Files\Release</Filter>
    </ClCompile>
  </ItemGroup>
  <ItemGroup>
    <CustomBuild Include="qtrask.h">
      <Filter>Header Files</Filter>
    </CustomBuild>
    <CustomBuild Include="qtrask.ui">
      <Filter>Form Files</Filter>
    </CustomBuild>
    <CustomBuild Include="qtrask.qrc">
      <Filter>Resource Files</Filter>
    </CustomBuild>
    <CustomBuild Include="brush.h">
      <Filter>Header Files</Filter>
    </CustomBuild>
    <CustomBuild Include="oglwidget.h">
      <Filter>Header Files</Filter>
    </CustomBuild>
    <CustomBuild Include="paintarea.h">
      <Filter>Header Files</Filter>
    </CustomBuild>
  </ItemGroup>
  <ItemGroup>
    <ClInclude Include="GeneratedFiles\ui_qtrask.h">
      <Filter>Generated Files</Filter>
    </ClInclude>
    <ClInclude Include="server.h">
      <Filter>Header Files</Filter>
    </ClInclude>
    <ClInclude Include="Core\GraphiscOGL.h">
      <Filter>Core</Filter>
    </ClInclude>
    <ClInclude Include="Core\Loader.h">
      <Filter>Core</Filter>
    </ClInclude>
    <ClInclude Include="Core\main.h">
      <Filter>Core</Filter>
    </ClInclude>
    <ClInclude Include="Core\Raycaster.h">
      <Filter>Core</Filter>
    </ClInclude>
    <ClInclude Include="Core\Render.h">
      <Filter>Core</Filter>
    </ClInclude>
    <ClInclude Include="Core\RTT.h">
      <Filter>Core</Filter>
    </ClInclude>
    <ClInclude Include="Core\Shader.h">
      <Filter>Core</Filter>
    </ClInclude>
    <ClInclude Include="Core\Texture2D.h">
      <Filter>Core</Filter>
    </ClInclude>
    <ClInclude Include="Core\Texture3D.h">
      <Filter>Core</Filter>
    </ClInclude>
    <ClInclude Include="Core\VAO.h">
      <Filter>Core</Filter>
    </ClInclude>
    <ClInclude Include="Core\VBO.h">
      <Filter>Core</Filter>
    </ClInclude>
    <ClInclude Include="control\filter.hpp">
      <Filter>Header Files</Filter>
    </ClInclude>
    <ClInclude Include="control\Input.h">
      <Filter>Header Files</Filter>
    </ClInclude>
    <ClInclude Include="control\manip.hpp">
      <Filter>Header Files</Filter>
    </ClInclude>
    <ClInclude Include="control\pose.hpp">
      <Filter>Header Files</Filter>
    </ClInclude>
    <ClInclude Include="control\track.hpp">
      <Filter>Header Files</Filter>
    </ClInclude>
    <ClInclude Include="control\util.hpp">
      <Filter>Header Files</Filter>
    </ClInclude>
  </ItemGroup>
</Project>